// !$*UTF8*$!
{
	archiveVersion = 1;
	classes = {
	};
	objectVersion = 77;
	objects = {

/* Begin PBXBuildFile section */
		1AFF81E42E308490006FA03D /* Assets.xcassets in Resources */ = {isa = PBXBuildFile; fileRef = 1A35B2EE2E307EE300963B5B /* Assets.xcassets */; };
		1AFF81E52E30849A006FA03D /* Preview Assets.xcassets in Resources */ = {isa = PBXBuildFile; fileRef = 1A35B2EB2E307E5A00963B5B /* Preview Assets.xcassets */; };
		1AFF81E62E3084D2006FA03D /* ScenePadding.swift in Sources */ = {isa = PBXBuildFile; fileRef = 1A35B3012E307EE300963B5B /* ScenePadding.swift */; };
		1AFF81E72E3084D2006FA03D /* GiveCustomFrame.swift in Sources */ = {isa = PBXBuildFile; fileRef = 1A35B2F82E307EE300963B5B /* GiveCustomFrame.swift */; };
		1AFF81E82E3084D2006FA03D /* ProvideGeometryReader.swift in Sources */ = {isa = PBXBuildFile; fileRef = 1A35B2FE2E307EE300963B5B /* ProvideGeometryReader.swift */; };
		1AFF81E92E3084D2006FA03D /* TwoViewsTheWameWidthOrHeight.swift in Sources */ = {isa = PBXBuildFile; fileRef = 1A35B3032E307EE300963B5B /* TwoViewsTheWameWidthOrHeight.swift */; };
		1AFF81EA2E3084D2006FA03D /* CreateAnAdaptiveLayout.swift in Sources */ = {isa = PBXBuildFile; fileRef = 1A35B2F22E307EE300963B5B /* CreateAnAdaptiveLayout.swift */; };
		1AFF81EC2E3084D2006FA03D /* CreateACustomLayout.swift in Sources */ = {isa = PBXBuildFile; fileRef = 1A35B2F12E307EE300963B5B /* CreateACustomLayout.swift */; };
		1AFF81ED2E3084D2006FA03D /* HideTheSystemUI.swift in Sources */ = {isa = PBXBuildFile; fileRef = 1A35B2F92E307EE300963B5B /* HideTheSystemUI.swift */; };
		1AFF81EE2E3084D2006FA03D /* ControlSpacing.swift in Sources */ = {isa = PBXBuildFile; fileRef = 1A35B2F02E307EE300963B5B /* ControlSpacing.swift */; };
		1AFF81EF2E3084D2006FA03D /* InsetTheSafeArea.swift in Sources */ = {isa = PBXBuildFile; fileRef = 1A35B2FA2E307EE300963B5B /* InsetTheSafeArea.swift */; };
		1AFF81F02E3084D2006FA03D /* StopSystemGesture.swift in Sources */ = {isa = PBXBuildFile; fileRef = 1A35B3022E307EE300963B5B /* StopSystemGesture.swift */; };
		1AFF81F12E3084D2006FA03D /* DynamicallyAdjustTheAppearance.swift in Sources */ = {isa = PBXBuildFile; fileRef = 1A35B2F62E307EE300963B5B /* DynamicallyAdjustTheAppearance.swift */; };
		1AFF81F22E3084D2006FA03D /* ViewLayoutApp.swift in Sources */ = {isa = PBXBuildFile; fileRef = 1A35B3042E307EE300963B5B /* ViewLayoutApp.swift */; };
		1AFF81F32E3084D2006FA03D /* CreateViewsInALoop.swift in Sources */ = {isa = PBXBuildFile; fileRef = 1A35B2F32E307EE300963B5B /* CreateViewsInALoop.swift */; };
		1AFF81F42E3084D2006FA03D /* ProvideVisualStructure.swift in Sources */ = {isa = PBXBuildFile; fileRef = 1A35B2FF2E307EE300963B5B /* ProvideVisualStructure.swift */; };
		1AFF81F62E3084D2006FA03D /* DynamicallyChange.swift in Sources */ = {isa = PBXBuildFile; fileRef = 1A35B2F72E307EE300963B5B /* DynamicallyChange.swift */; };
		1AFF81F92E3084D2006FA03D /* AddXxtraPadding.swift in Sources */ = {isa = PBXBuildFile; fileRef = 1A35B2EC2E307EE300963B5B /* AddXxtraPadding.swift */; };
		1AFF81FA2E3084D2006FA03D /* DetectWhenTheSizeOrPositionOfAViewChanges.swift in Sources */ = {isa = PBXBuildFile; fileRef = 1A35B2F52E307EE300963B5B /* DetectWhenTheSizeOrPositionOfAViewChanges.swift */; };
		1AFF81FB2E3084D2006FA03D /* ReturnDifferentView.swift in Sources */ = {isa = PBXBuildFile; fileRef = 1A35B3002E307EE300963B5B /* ReturnDifferentView.swift */; };
		1AFF81FC2E3084D2006FA03D /* AdjustTheSizeOfAView.swift in Sources */ = {isa = PBXBuildFile; fileRef = 1A35B2ED2E307EE300963B5B /* AdjustTheSizeOfAView.swift */; };
		1AFF81FE2E3084D2006FA03D /* LayoutPriority.swift in Sources */ = {isa = PBXBuildFile; fileRef = 1A35B2FC2E307EE300963B5B /* LayoutPriority.swift */; };
/* End PBXBuildFile section */

/* Begin PBXFileReference section */
		1A35B2EB2E307E5A00963B5B /* Preview Assets.xcassets */ = {isa = PBXFileReference; lastKnownFileType = folder.assetcatalog; path = "Preview Assets.xcassets"; sourceTree = "<group>"; };
		1A35B2EC2E307EE300963B5B /* AddXxtraPadding.swift */ = {isa = PBXFileReference; lastKnownFileType = sourcecode.swift; path = AddXxtraPadding.swift; sourceTree = "<group>"; };
		1A35B2ED2E307EE300963B5B /* AdjustTheSizeOfAView.swift */ = {isa = PBXFileReference; lastKnownFileType = sourcecode.swift; path = AdjustTheSizeOfAView.swift; sourceTree = "<group>"; };
		1A35B2EE2E307EE300963B5B /* Assets.xcassets */ = {isa = PBXFileReference; lastKnownFileType = folder.assetcatalog; path = Assets.xcassets; sourceTree = "<group>"; };
		1A35B2F02E307EE300963B5B /* ControlSpacing.swift */ = {isa = PBXFileReference; lastKnownFileType = sourcecode.swift; path = ControlSpacing.swift; sourceTree = "<group>"; };
		1A35B2F12E307EE300963B5B /* CreateACustomLayout.swift */ = {isa = PBXFileReference; lastKnownFileType = sourcecode.swift; path = CreateACustomLayout.swift; sourceTree = "<group>"; };
		1A35B2F22E307EE300963B5B /* CreateAnAdaptiveLayout.swift */ = {isa = PBXFileReference; lastKnownFileType = sourcecode.swift; path = CreateAnAdaptiveLayout.swift; sourceTree = "<group>"; };
		1A35B2F32E307EE300963B5B /* CreateViewsInALoop.swift */ = {isa = PBXFileReference; lastKnownFileType = sourcecode.swift; path = CreateViewsInALoop.swift; sourceTree = "<group>"; };
		1A35B2F52E307EE300963B5B /* DetectWhenTheSizeOrPositionOfAViewChanges.swift */ = {isa = PBXFileReference; lastKnownFileType = sourcecode.swift; path = DetectWhenTheSizeOrPositionOfAViewChanges.swift; sourceTree = "<group>"; };
		1A35B2F62E307EE300963B5B /* DynamicallyAdjustTheAppearance.swift */ = {isa = PBXFileReference; lastKnownFileType = sourcecode.swift; path = DynamicallyAdjustTheAppearance.swift; sourceTree = "<group>"; };
		1A35B2F72E307EE300963B5B /* DynamicallyChange.swift */ = {isa = PBXFileReference; lastKnownFileType = sourcecode.swift; path = DynamicallyChange.swift; sourceTree = "<group>"; };
		1A35B2F82E307EE300963B5B /* GiveCustomFrame.swift */ = {isa = PBXFileReference; lastKnownFileType = sourcecode.swift; path = GiveCustomFrame.swift; sourceTree = "<group>"; };
		1A35B2F92E307EE300963B5B /* HideTheSystemUI.swift */ = {isa = PBXFileReference; lastKnownFileType = sourcecode.swift; path = HideTheSystemUI.swift; sourceTree = "<group>"; };
		1A35B2FA2E307EE300963B5B /* InsetTheSafeArea.swift */ = {isa = PBXFileReference; lastKnownFileType = sourcecode.swift; path = InsetTheSafeArea.swift; sourceTree = "<group>"; };
		1A35B2FC2E307EE300963B5B /* LayoutPriority.swift */ = {isa = PBXFileReference; lastKnownFileType = sourcecode.swift; path = LayoutPriority.swift; sourceTree = "<group>"; };
		1A35B2FE2E307EE300963B5B /* ProvideGeometryReader.swift */ = {isa = PBXFileReference; lastKnownFileType = sourcecode.swift; path = ProvideGeometryReader.swift; sourceTree = "<group>"; };
		1A35B2FF2E307EE300963B5B /* ProvideVisualStructure.swift */ = {isa = PBXFileReference; lastKnownFileType = sourcecode.swift; path = ProvideVisualStructure.swift; sourceTree = "<group>"; };
		1A35B3002E307EE300963B5B /* ReturnDifferentView.swift */ = {isa = PBXFileReference; lastKnownFileType = sourcecode.swift; path = ReturnDifferentView.swift; sourceTree = "<group>"; };
		1A35B3012E307EE300963B5B /* ScenePadding.swift */ = {isa = PBXFileReference; lastKnownFileType = sourcecode.swift; path = ScenePadding.swift; sourceTree = "<group>"; };
		1A35B3022E307EE300963B5B /* StopSystemGesture.swift */ = {isa = PBXFileReference; lastKnownFileType = sourcecode.swift; path = StopSystemGesture.swift; sourceTree = "<group>"; };
		1A35B3032E307EE300963B5B /* TwoViewsTheWameWidthOrHeight.swift */ = {isa = PBXFileReference; lastKnownFileType = sourcecode.swift; path = TwoViewsTheWameWidthOrHeight.swift; sourceTree = "<group>"; };
		1A35B3042E307EE300963B5B /* ViewLayoutApp.swift */ = {isa = PBXFileReference; lastKnownFileType = sourcecode.swift; path = ViewLayoutApp.swift; sourceTree = "<group>"; };
		1A7656872E1F21FC0082B7AB /* ViewLayout.app */ = {isa = PBXFileReference; explicitFileType = wrapper.application; includeInIndex = 0; path = ViewLayout.app; sourceTree = BUILT_PRODUCTS_DIR; };
/* End PBXFileReference section */

/* Begin PBXFrameworksBuildPhase section */
		1A7656842E1F21FC0082B7AB /* Frameworks */ = {
			isa = PBXFrameworksBuildPhase;
			buildActionMask = 2147483647;
			files = (
			);
			runOnlyForDeploymentPostprocessing = 0;
		};
/* End PBXFrameworksBuildPhase section */

/* Begin PBXGroup section */
		1A35B2E32E307E0D00963B5B /* ViewLayout */ = {
			isa = PBXGroup;
			children = (
				1A35B2EC2E307EE300963B5B /* AddXxtraPadding.swift */,
				1A35B2ED2E307EE300963B5B /* AdjustTheSizeOfAView.swift */,
				1A35B2F02E307EE300963B5B /* ControlSpacing.swift */,
				1A35B2F12E307EE300963B5B /* CreateACustomLayout.swift */,
				1A35B2F22E307EE300963B5B /* CreateAnAdaptiveLayout.swift */,
				1A35B2F32E307EE300963B5B /* CreateViewsInALoop.swift */,
				1A35B2F52E307EE300963B5B /* DetectWhenTheSizeOrPositionOfAViewChanges.swift */,
				1A35B2F62E307EE300963B5B /* DynamicallyAdjustTheAppearance.swift */,
				1A35B2F72E307EE300963B5B /* DynamicallyChange.swift */,
				1A35B2F82E307EE300963B5B /* GiveCustomFrame.swift */,
				1A35B2F92E307EE300963B5B /* HideTheSystemUI.swift */,
				1A35B2FA2E307EE300963B5B /* InsetTheSafeArea.swift */,
				1A35B2FC2E307EE300963B5B /* LayoutPriority.swift */,
				1A35B2FE2E307EE300963B5B /* ProvideGeometryReader.swift */,
				1A35B2FF2E307EE300963B5B /* ProvideVisualStructure.swift */,
				1A35B3002E307EE300963B5B /* ReturnDifferentView.swift */,
				1A35B3012E307EE300963B5B /* ScenePadding.swift */,
				1A35B3022E307EE300963B5B /* StopSystemGesture.swift */,
				1A35B3032E307EE300963B5B /* TwoViewsTheWameWidthOrHeight.swift */,
				1A35B3042E307EE300963B5B /* ViewLayoutApp.swift */,
				1A35B2EE2E307EE300963B5B /* Assets.xcassets */,
				1A35B2EA2E307E4A00963B5B /* Preview Content */,
			);
			path = ViewLayout;
			sourceTree = "<group>";
		};
		1A35B2EA2E307E4A00963B5B /* Preview Content */ = {
			isa = PBXGroup;
			children = (
				1A35B2EB2E307E5A00963B5B /* Preview Assets.xcassets */,
			);
			path = "Preview Content";
			sourceTree = "<group>";
		};
		1A76567E2E1F21FC0082B7AB = {
			isa = PBXGroup;
			children = (
				1A35B2E32E307E0D00963B5B /* ViewLayout */,
				1A7656882E1F21FC0082B7AB /* Products */,
			);
			sourceTree = "<group>";
		};
		1A7656882E1F21FC0082B7AB /* Products */ = {
			isa = PBXGroup;
			children = (
				1A7656872E1F21FC0082B7AB /* ViewLayout.app */,
			);
			name = Products;
			sourceTree = "<group>";
		};
/* End PBXGroup section */

/* Begin PBXNativeTarget section */
		1A7656862E1F21FC0082B7AB /* ViewLayout */ = {
			isa = PBXNativeTarget;
			buildConfigurationList = 1A7656952E1F21FE0082B7AB /* Build configuration list for PBXNativeTarget "ViewLayout" */;
			buildPhases = (
				1A7656832E1F21FC0082B7AB /* Sources */,
				1A7656842E1F21FC0082B7AB /* Frameworks */,
				1A7656852E1F21FC0082B7AB /* Resources */,
			);
			buildRules = (
			);
			dependencies = (
			);
			name = ViewLayout;
			packageProductDependencies = (
			);
			productName = ViewLayout;
			productReference = 1A7656872E1F21FC0082B7AB /* ViewLayout.app */;
			productType = "com.apple.product-type.application";
		};
/* End PBXNativeTarget section */

/* Begin PBXProject section */
		1A76567F2E1F21FC0082B7AB /* Project object */ = {
			isa = PBXProject;
			attributes = {
				BuildIndependentTargetsInParallel = 1;
				LastSwiftUpdateCheck = 1620;
				LastUpgradeCheck = 1620;
				TargetAttributes = {
					1A7656862E1F21FC0082B7AB = {
						CreatedOnToolsVersion = 16.2;
					};
				};
			};
			buildConfigurationList = 1A7656822E1F21FC0082B7AB /* Build configuration list for PBXProject "ViewLayout" */;
			developmentRegion = en;
			hasScannedForEncodings = 0;
			knownRegions = (
				en,
				Base,
			);
			mainGroup = 1A76567E2E1F21FC0082B7AB;
			minimizedProjectReferenceProxies = 1;
			preferredProjectObjectVersion = 77;
			productRefGroup = 1A7656882E1F21FC0082B7AB /* Products */;
			projectDirPath = "";
			projectRoot = "";
			targets = (
				1A7656862E1F21FC0082B7AB /* ViewLayout */,
			);
		};
/* End PBXProject section */

/* Begin PBXResourcesBuildPhase section */
		1A7656852E1F21FC0082B7AB /* Resources */ = {
			isa = PBXResourcesBuildPhase;
			buildActionMask = 2147483647;
			files = (
				1AFF81E52E30849A006FA03D /* Preview Assets.xcassets in Resources */,
				1AFF81E42E308490006FA03D /* Assets.xcassets in Resources */,
			);
			runOnlyForDeploymentPostprocessing = 0;
		};
/* End PBXResourcesBuildPhase section */

/* Begin PBXSourcesBuildPhase section */
		1A7656832E1F21FC0082B7AB /* Sources */ = {
			isa = PBXSourcesBuildPhase;
			buildActionMask = 2147483647;
			files = (
				1AFF81E62E3084D2006FA03D /* ScenePadding.swift in Sources */,
				1AFF81E72E3084D2006FA03D /* GiveCustomFrame.swift in Sources */,
				1AFF81E82E3084D2006FA03D /* ProvideGeometryReader.swift in Sources */,
				1AFF81E92E3084D2006FA03D /* TwoViewsTheWameWidthOrHeight.swift in Sources */,
				1AFF81EA2E3084D2006FA03D /* CreateAnAdaptiveLayout.swift in Sources */,
				1AFF81EC2E3084D2006FA03D /* CreateACustomLayout.swift in Sources */,
				1AFF81ED2E3084D2006FA03D /* HideTheSystemUI.swift in Sources */,
				1AFF81EE2E3084D2006FA03D /* ControlSpacing.swift in Sources */,
				1AFF81EF2E3084D2006FA03D /* InsetTheSafeArea.swift in Sources */,
				1AFF81F02E3084D2006FA03D /* StopSystemGesture.swift in Sources */,
				1AFF81F12E3084D2006FA03D /* DynamicallyAdjustTheAppearance.swift in Sources */,
				1AFF81F22E3084D2006FA03D /* ViewLayoutApp.swift in Sources */,
				1AFF81F32E3084D2006FA03D /* CreateViewsInALoop.swift in Sources */,
				1AFF81F42E3084D2006FA03D /* ProvideVisualStructure.swift in Sources */,
				1AFF81F62E3084D2006FA03D /* DynamicallyChange.swift in Sources */,
				1AFF81F92E3084D2006FA03D /* AddXxtraPadding.swift in Sources */,
				1AFF81FA2E3084D2006FA03D /* DetectWhenTheSizeOrPositionOfAViewChanges.swift in Sources */,
				1AFF81FB2E3084D2006FA03D /* ReturnDifferentView.swift in Sources */,
				1AFF81FC2E3084D2006FA03D /* AdjustTheSizeOfAView.swift in Sources */,
				1AFF81FE2E3084D2006FA03D /* LayoutPriority.swift in Sources */,
			);
			runOnlyForDeploymentPostprocessing = 0;
		};
/* End PBXSourcesBuildPhase section */

/* Begin XCBuildConfiguration section */
		1A7656932E1F21FE0082B7AB /* Debug */ = {
			isa = XCBuildConfiguration;
			buildSettings = {
				ALWAYS_SEARCH_USER_PATHS = NO;
				ASSETCATALOG_COMPILER_GENERATE_SWIFT_ASSET_SYMBOL_EXTENSIONS = YES;
				CLANG_ANALYZER_NONNULL = YES;
				CLANG_ANALYZER_NUMBER_OBJECT_CONVERSION = YES_AGGRESSIVE;
				CLANG_CXX_LANGUAGE_STANDARD = "gnu++20";
				CLANG_ENABLE_MODULES = YES;
				CLANG_ENABLE_OBJC_ARC = YES;
				CLANG_ENABLE_OBJC_WEAK = YES;
				CLANG_WARN_BLOCK_CAPTURE_AUTORELEASING = YES;
				CLANG_WARN_BOOL_CONVERSION = YES;
				CLANG_WARN_COMMA = YES;
				CLANG_WARN_CONSTANT_CONVERSION = YES;
				CLANG_WARN_DEPRECATED_OBJC_IMPLEMENTATIONS = YES;
				CLANG_WARN_DIRECT_OBJC_ISA_USAGE = YES_ERROR;
				CLANG_WARN_DOCUMENTATION_COMMENTS = YES;
				CLANG_WARN_EMPTY_BODY = YES;
				CLANG_WARN_ENUM_CONVERSION = YES;
				CLANG_WARN_INFINITE_RECURSION = YES;
				CLANG_WARN_INT_CONVERSION = YES;
				CLANG_WARN_NON_LITERAL_NULL_CONVERSION = YES;
				CLANG_WARN_OBJC_IMPLICIT_RETAIN_SELF = YES;
				CLANG_WARN_OBJC_LITERAL_CONVERSION = YES;
				CLANG_WARN_OBJC_ROOT_CLASS = YES_ERROR;
				CLANG_WARN_QUOTED_INCLUDE_IN_FRAMEWORK_HEADER = YES;
				CLANG_WARN_RANGE_LOOP_ANALYSIS = YES;
				CLANG_WARN_STRICT_PROTOTYPES = YES;
				CLANG_WARN_SUSPICIOUS_MOVE = YES;
				CLANG_WARN_UNGUARDED_AVAILABILITY = YES_AGGRESSIVE;
				CLANG_WARN_UNREACHABLE_CODE = YES;
				CLANG_WARN__DUPLICATE_METHOD_MATCH = YES;
				COPY_PHASE_STRIP = NO;
				DEBUG_INFORMATION_FORMAT = dwarf;
				ENABLE_STRICT_OBJC_MSGSEND = YES;
				ENABLE_TESTABILITY = YES;
				ENABLE_USER_SCRIPT_SANDBOXING = YES;
				GCC_C_LANGUAGE_STANDARD = gnu17;
				GCC_DYNAMIC_NO_PIC = NO;
				GCC_NO_COMMON_BLOCKS = YES;
				GCC_OPTIMIZATION_LEVEL = 0;
				GCC_PREPROCESSOR_DEFINITIONS = (
					"DEBUG=1",
					"$(inherited)",
				);
				GCC_WARN_64_TO_32_BIT_CONVERSION = YES;
				GCC_WARN_ABOUT_RETURN_TYPE = YES_ERROR;
				GCC_WARN_UNDECLARED_SELECTOR = YES;
				GCC_WARN_UNINITIALIZED_AUTOS = YES_AGGRESSIVE;
				GCC_WARN_UNUSED_FUNCTION = YES;
				GCC_WARN_UNUSED_VARIABLE = YES;
				IPHONEOS_DEPLOYMENT_TARGET = 18.2;
				LOCALIZATION_PREFERS_STRING_CATALOGS = YES;
				MTL_ENABLE_DEBUG_INFO = INCLUDE_SOURCE;
				MTL_FAST_MATH = YES;
				ONLY_ACTIVE_ARCH = YES;
				SDKROOT = iphoneos;
				SWIFT_ACTIVE_COMPILATION_CONDITIONS = "DEBUG $(inherited)";
				SWIFT_OPTIMIZATION_LEVEL = "-Onone";
			};
			name = Debug;
		};
		1A7656942E1F21FE0082B7AB /* Release */ = {
			isa = XCBuildConfiguration;
			buildSettings = {
				ALWAYS_SEARCH_USER_PATHS = NO;
				ASSETCATALOG_COMPILER_GENERATE_SWIFT_ASSET_SYMBOL_EXTENSIONS = YES;
				CLANG_ANALYZER_NONNULL = YES;
				CLANG_ANALYZER_NUMBER_OBJECT_CONVERSION = YES_AGGRESSIVE;
				CLANG_CXX_LANGUAGE_STANDARD = "gnu++20";
				CLANG_ENABLE_MODULES = YES;
				CLANG_ENABLE_OBJC_ARC = YES;
				CLANG_ENABLE_OBJC_WEAK = YES;
				CLANG_WARN_BLOCK_CAPTURE_AUTORELEASING = YES;
				CLANG_WARN_BOOL_CONVERSION = YES;
				CLANG_WARN_COMMA = YES;
				CLANG_WARN_CONSTANT_CONVERSION = YES;
				CLANG_WARN_DEPRECATED_OBJC_IMPLEMENTATIONS = YES;
				CLANG_WARN_DIRECT_OBJC_ISA_USAGE = YES_ERROR;
				CLANG_WARN_DOCUMENTATION_COMMENTS = YES;
				CLANG_WARN_EMPTY_BODY = YES;
				CLANG_WARN_ENUM_CONVERSION = YES;
				CLANG_WARN_INFINITE_RECURSION = YES;
				CLANG_WARN_INT_CONVERSION = YES;
				CLANG_WARN_NON_LITERAL_NULL_CONVERSION = YES;
				CLANG_WARN_OBJC_IMPLICIT_RETAIN_SELF = YES;
				CLANG_WARN_OBJC_LITERAL_CONVERSION = YES;
				CLANG_WARN_OBJC_ROOT_CLASS = YES_ERROR;
				CLANG_WARN_QUOTED_INCLUDE_IN_FRAMEWORK_HEADER = YES;
				CLANG_WARN_RANGE_LOOP_ANALYSIS = YES;
				CLANG_WARN_STRICT_PROTOTYPES = YES;
				CLANG_WARN_SUSPICIOUS_MOVE = YES;
				CLANG_WARN_UNGUARDED_AVAILABILITY = YES_AGGRESSIVE;
				CLANG_WARN_UNREACHABLE_CODE = YES;
				CLANG_WARN__DUPLICATE_METHOD_MATCH = YES;
				COPY_PHASE_STRIP = NO;
				DEBUG_INFORMATION_FORMAT = "dwarf-with-dsym";
				ENABLE_NS_ASSERTIONS = NO;
				ENABLE_STRICT_OBJC_MSGSEND = YES;
				ENABLE_USER_SCRIPT_SANDBOXING = YES;
				GCC_C_LANGUAGE_STANDARD = gnu17;
				GCC_NO_COMMON_BLOCKS = YES;
				GCC_WARN_64_TO_32_BIT_CONVERSION = YES;
				GCC_WARN_ABOUT_RETURN_TYPE = YES_ERROR;
				GCC_WARN_UNDECLARED_SELECTOR = YES;
				GCC_WARN_UNINITIALIZED_AUTOS = YES_AGGRESSIVE;
				GCC_WARN_UNUSED_FUNCTION = YES;
				GCC_WARN_UNUSED_VARIABLE = YES;
				IPHONEOS_DEPLOYMENT_TARGET = 18.2;
				LOCALIZATION_PREFERS_STRING_CATALOGS = YES;
				MTL_ENABLE_DEBUG_INFO = NO;
				MTL_FAST_MATH = YES;
				SDKROOT = iphoneos;
				SWIFT_COMPILATION_MODE = wholemodule;
				VALIDATE_PRODUCT = YES;
			};
			name = Release;
		};
		1A7656962E1F21FE0082B7AB /* Debug */ = {
			isa = XCBuildConfiguration;
			buildSettings = {
				ASSETCATALOG_COMPILER_APPICON_NAME = AppIcon;
				ASSETCATALOG_COMPILER_GLOBAL_ACCENT_COLOR_NAME = AccentColor;
				CODE_SIGN_STYLE = Automatic;
				CURRENT_PROJECT_VERSION = 1;
				DEVELOPMENT_ASSET_PATHS = "\"ViewLayout/Preview Content\"";
				DEVELOPMENT_TEAM = Q73FTA466A;
				ENABLE_PREVIEWS = YES;
				GENERATE_INFOPLIST_FILE = YES;
				INFOPLIST_KEY_UIApplicationSceneManifest_Generation = YES;
				INFOPLIST_KEY_UIApplicationSupportsIndirectInputEvents = YES;
				INFOPLIST_KEY_UILaunchScreen_Generation = YES;
				INFOPLIST_KEY_UISupportedInterfaceOrientations_iPad = "UIInterfaceOrientationPortrait UIInterfaceOrientationPortraitUpsideDown UIInterfaceOrientationLandscapeLeft UIInterfaceOrientationLandscapeRight";
				INFOPLIST_KEY_UISupportedInterfaceOrientations_iPhone = "UIInterfaceOrientationPortrait UIInterfaceOrientationLandscapeLeft UIInterfaceOrientationLandscapeRight";
				LD_RUNPATH_SEARCH_PATHS = (
					"$(inherited)",
					"@executable_path/Frameworks",
				);
				MARKETING_VERSION = 1.0;
				PRODUCT_BUNDLE_IDENTIFIER = com.versdev.ViewLayout;
				PRODUCT_NAME = "$(TARGET_NAME)";
				SWIFT_EMIT_LOC_STRINGS = YES;
				SWIFT_VERSION = 5.0;
				TARGETED_DEVICE_FAMILY = "1,2";
			};
			name = Debug;
		};
		1A7656972E1F21FE0082B7AB /* Release */ = {
			isa = XCBuildConfiguration;
			buildSettings = {
				ASSETCATALOG_COMPILER_APPICON_NAME = AppIcon;
				ASSETCATALOG_COMPILER_GLOBAL_ACCENT_COLOR_NAME = AccentColor;
				CODE_SIGN_STYLE = Automatic;
				CURRENT_PROJECT_VERSION = 1;
				DEVELOPMENT_ASSET_PATHS = "\"ViewLayout/Preview Content\"";
				DEVELOPMENT_TEAM = Q73FTA466A;
				ENABLE_PREVIEWS = YES;
				GENERATE_INFOPLIST_FILE = YES;
				INFOPLIST_KEY_UIApplicationSceneManifest_Generation = YES;
				INFOPLIST_KEY_UIApplicationSupportsIndirectInputEvents = YES;
				INFOPLIST_KEY_UILaunchScreen_Generation = YES;
				INFOPLIST_KEY_UISupportedInterfaceOrientations_iPad = "UIInterfaceOrientationPortrait UIInterfaceOrientationPortraitUpsideDown UIInterfaceOrientationLandscapeLeft UIInterfaceOrientationLandscapeRight";
				INFOPLIST_KEY_UISupportedInterfaceOrientations_iPhone = "UIInterfaceOrientationPortrait UIInterfaceOrientationLandscapeLeft UIInterfaceOrientationLandscapeRight";
				LD_RUNPATH_SEARCH_PATHS = (
					"$(inherited)",
					"@executable_path/Frameworks",
				);
				MARKETING_VERSION = 1.0;
				PRODUCT_BUNDLE_IDENTIFIER = com.versdev.ViewLayout;
				PRODUCT_NAME = "$(TARGET_NAME)";
				SWIFT_EMIT_LOC_STRINGS = YES;
				SWIFT_VERSION = 5.0;
				TARGETED_DEVICE_FAMILY = "1,2";
			};
			name = Release;
		};
/* End XCBuildConfiguration section */

/* Begin XCConfigurationList section */
		1A7656822E1F21FC0082B7AB /* Build configuration list for PBXProject "ViewLayout" */ = {
			isa = XCConfigurationList;
			buildConfigurations = (
				1A7656932E1F21FE0082B7AB /* Debug */,
				1A7656942E1F21FE0082B7AB /* Release */,
			);
			defaultConfigurationIsVisible = 0;
			defaultConfigurationName = Release;
		};
		1A7656952E1F21FE0082B7AB /* Build configuration list for PBXNativeTarget "ViewLayout" */ = {
			isa = XCConfigurationList;
			buildConfigurations = (
				1A7656962E1F21FE0082B7AB /* Debug */,
				1A7656972E1F21FE0082B7AB /* Release */,
			);
			defaultConfigurationIsVisible = 0;
			defaultConfigurationName = Release;
		};
/* End XCConfigurationList section */
	};
	rootObject = 1A76567F2E1F21FC0082B7AB /* Project object */;
}
